
Microsoft Visual Studio Solution File, Format Version 12.00
# Visual Studio 15
VisualStudioVersion = 15.0.28307.852
MinimumVisualStudioVersion = 10.0.40219.1
Project("{9A19103F-16F7-4668-BE54-9A1E7A4F7556}") = "ImportProduct", "ImportProduct\ImportProduct.csproj", "{45E79DC2-AB66-45CA-97D9-470D7A7BC7D0}"
	ProjectSection(ProjectDependencies) = postProject
		{A132BE96-703F-4B30-B2AF-B7A9432CD911} = {A132BE96-703F-4B30-B2AF-B7A9432CD911}
	EndProjectSection
EndProject
Project("{FAE04EC0-301F-11D3-BF4B-00C04F79EFBC}") = "ImportProductDAL", "ImportProductDAL\ImportProductDAL.csproj", "{A132BE96-703F-4B30-B2AF-B7A9432CD911}"
EndProject
Global
	GlobalSection(SolutionConfigurationPlatforms) = preSolution
		Debug|Any CPU = Debug|Any CPU
		Release|Any CPU = Release|Any CPU
	EndGlobalSection
	GlobalSection(ProjectConfigurationPlatforms) = postSolution
		{45E79DC2-AB66-45CA-97D9-470D7A7BC7D0}.Debug|Any CPU.ActiveCfg = Debug|Any CPU
		{45E79DC2-AB66-45CA-97D9-470D7A7BC7D0}.Debug|Any CPU.Build.0 = Debug|Any CPU
		{45E79DC2-AB66-45CA-97D9-470D7A7BC7D0}.Release|Any CPU.ActiveCfg = Release|Any CPU
		{45E79DC2-AB66-45CA-97D9-470D7A7BC7D0}.Release|Any CPU.Build.0 = Release|Any CPU
		{A132BE96-703F-4B30-B2AF-B7A9432CD911}.Debug|Any CPU.ActiveCfg = Debug|Any CPU
		{A132BE96-703F-4B30-B2AF-B7A9432CD911}.Debug|Any CPU.Build.0 = Debug|Any CPU
		{A132BE96-703F-4B30-B2AF-B7A9432CD911}.Release|Any CPU.ActiveCfg = Release|Any CPU
		{A132BE96-703F-4B30-B2AF-B7A9432CD911}.Release|Any CPU.Build.0 = Release|Any CPU
	EndGlobalSection
	GlobalSection(SolutionProperties) = preSolution
		HideSolutionNode = FALSE
	EndGlobalSection
	GlobalSection(ExtensibilityGlobals) = postSolution
		SolutionGuid = {CB6A2964-0D84-45D1-B4C2-0E6F5ADDECA7}
	EndGlobalSection
EndGlobal
